
Microsoft Visual Studio Solution File, Format Version 12.00
# Visual Studio Version 16
VisualStudioVersion = 16.0.30406.217
MinimumVisualStudioVersion = 15.0.26124.0
Project("{9A19103F-16F7-4668-BE54-9A1E7A4F7556}") = "ATMCode", "ATMCode\ATMCode.csproj", "{216D2D15-A46E-4626-ACE7-B2466580593D}"
EndProject
Project("{FAE04EC0-301F-11D3-BF4B-00C04F79EFBC}") = "ATMTests.Tests", "ATMTests.Tests\ATMTests.Tests.csproj", "{513550B9-05E2-482A-BFF9-CC66BBD7CDBA}"
EndProject
Global
	GlobalSection(SolutionConfigurationPlatforms) = preSolution
		Debug|Any CPU = Debug|Any CPU
		Debug|x64 = Debug|x64
		Debug|x86 = Debug|x86
		Release|Any CPU = Release|Any CPU
		Release|x64 = Release|x64
		Release|x86 = Release|x86
	EndGlobalSection
	GlobalSection(ProjectConfigurationPlatforms) = postSolution
		{216D2D15-A46E-4626-ACE7-B2466580593D}.Debug|Any CPU.ActiveCfg = Debug|Any CPU
		{216D2D15-A46E-4626-ACE7-B2466580593D}.Debug|Any CPU.Build.0 = Debug|Any CPU
		{216D2D15-A46E-4626-ACE7-B2466580593D}.Debug|x64.ActiveCfg = Debug|Any CPU
		{216D2D15-A46E-4626-ACE7-B2466580593D}.Debug|x64.Build.0 = Debug|Any CPU
		{216D2D15-A46E-4626-ACE7-B2466580593D}.Debug|x86.ActiveCfg = Debug|Any CPU
		{216D2D15-A46E-4626-ACE7-B2466580593D}.Debug|x86.Build.0 = Debug|Any CPU
		{216D2D15-A46E-4626-ACE7-B2466580593D}.Release|Any CPU.ActiveCfg = Release|Any CPU
		{216D2D15-A46E-4626-ACE7-B2466580593D}.Release|Any CPU.Build.0 = Release|Any CPU
		{216D2D15-A46E-4626-ACE7-B2466580593D}.Release|x64.ActiveCfg = Release|Any CPU
		{216D2D15-A46E-4626-ACE7-B2466580593D}.Release|x64.Build.0 = Release|Any CPU
		{216D2D15-A46E-4626-ACE7-B2466580593D}.Release|x86.ActiveCfg = Release|Any CPU
		{216D2D15-A46E-4626-ACE7-B2466580593D}.Release|x86.Build.0 = Release|Any CPU
		{513550B9-05E2-482A-BFF9-CC66BBD7CDBA}.Debug|Any CPU.ActiveCfg = Debug|Any CPU
		{513550B9-05E2-482A-BFF9-CC66BBD7CDBA}.Debug|Any CPU.Build.0 = Debug|Any CPU
		{513550B9-05E2-482A-BFF9-CC66BBD7CDBA}.Debug|x64.ActiveCfg = Debug|Any CPU
		{513550B9-05E2-482A-BFF9-CC66BBD7CDBA}.Debug|x64.Build.0 = Debug|Any CPU
		{513550B9-05E2-482A-BFF9-CC66BBD7CDBA}.Debug|x86.ActiveCfg = Debug|Any CPU
		{513550B9-05E2-482A-BFF9-CC66BBD7CDBA}.Debug|x86.Build.0 = Debug|Any CPU
		{513550B9-05E2-482A-BFF9-CC66BBD7CDBA}.Release|Any CPU.ActiveCfg = Release|Any CPU
		{513550B9-05E2-482A-BFF9-CC66BBD7CDBA}.Release|Any CPU.Build.0 = Release|Any CPU
		{513550B9-05E2-482A-BFF9-CC66BBD7CDBA}.Release|x64.ActiveCfg = Release|Any CPU
		{513550B9-05E2-482A-BFF9-CC66BBD7CDBA}.Release|x64.Build.0 = Release|Any CPU
		{513550B9-05E2-482A-BFF9-CC66BBD7CDBA}.Release|x86.ActiveCfg = Release|Any CPU
		{513550B9-05E2-482A-BFF9-CC66BBD7CDBA}.Release|x86.Build.0 = Release|Any CPU
	EndGlobalSection
	GlobalSection(SolutionProperties) = preSolution
		HideSolutionNode = FALSE
	EndGlobalSection
	GlobalSection(ExtensibilityGlobals) = postSolution
		SolutionGuid = {7D2B1216-DF50-4B68-8FF6-D3E135C38340}
	EndGlobalSection
EndGlobal
